{
    "_readme": [
        "This file locks the dependencies of your project to a known state",
        "Read more about it at https://getcomposer.org/doc/01-basic-usage.md#installing-dependencies",
        "This file is @generated automatically"
    ],
    "content-hash": "1803d12d7122d58aea50cf77568c007b",
    "packages": [
        {
            "name": "frameright/image-metadata-parser",
            "version": "1.1.1",
            "source": {
                "type": "git",
                "url": "https://github.com/Frameright/php-image-metadata-parser.git",
                "reference": "8ac64a7ef79d5abb099f35fabf01aa2417df7a0b"
            },
            "dist": {
                "type": "zip",
                "url": "https://api.github.com/repos/Frameright/php-image-metadata-parser/zipball/8ac64a7ef79d5abb099f35fabf01aa2417df7a0b",
                "reference": "8ac64a7ef79d5abb099f35fabf01aa2417df7a0b",
                "shasum": ""
            },
            "require": {
                "ext-xml": "*",
                "php": ">=5.5"
            },
            "require-dev": {
                "mockery/mockery": "~1.6",
                "phpcompatibility/php-compatibility": "^9.3.5",
                "phpunit/phpunit": "^9.5.25"
            },
            "type": "library",
            "autoload": {
                "psr-4": {
                    "CSD\\Image\\": "src/"
                }
            },
            "notification-url": "https://packagist.org/downloads/",
            "license": [
                "MIT"
            ],
            "authors": [
                {
                    "name": "Frameright (Coberg Ltd)",
                    "email": "hello@frameright.io",
                    "homepage": "https://frameright.io/",
                    "role": "Developer"
                },
                {
                    "name": "Aurelien Lourot",
                    "email": "software@lourot.dev",
                    "homepage": "https://lourot.dev/",
                    "role": "Developer"
                },
                {
                    "name": "Daniel Chesterton",
                    "email": "daniel@chestertondevelopment.com",
                    "homepage": "http://www.chestertondevelopment.com",
                    "role": "Developer"
                }
            ],
            "description": "Image metadata parsing library",
            "keywords": [
                "Frameright",
                "IDC",
                "IPTC",
                "Image Display Control",
                "exif",
                "image",
                "metadata",
                "photo",
                "xmp"
            ],
            "support": {
                "issues": "https://github.com/Frameright/php-image-metadata-parser/issues",
                "source": "https://github.com/Frameright/php-image-metadata-parser/tree/1.1.1"
            },
            "time": "2024-02-01T17:47:46+00:00"
        }
    ],
    "packages-dev": [],
    "aliases": [],
    "minimum-stability": "stable",
    "stability-flags": [],
    "prefer-stable": false,
    "prefer-lowest": false,
    "platform": [],
    "platform-dev": [],
    "plugin-api-version": "2.3.0"
}
